// !$*UTF8*$!
{
	archiveVersion = 1;
	classes = {
	};
	objectVersion = 46;
	objects = {

/* Begin PBXBuildFile section */
		B55D4E2B636849FA95D693EE /* libPods.a in Frameworks */ = {isa = PBXBuildFile; fileRef = 3DEDE752979D421CB567F2A7 /* libPods.a */; };
		B9514F781940184B0073789F /* Foundation.framework in Frameworks */ = {isa = PBXBuildFile; fileRef = B9514F771940184B0073789F /* Foundation.framework */; };
		B9514F7A1940184B0073789F /* CoreGraphics.framework in Frameworks */ = {isa = PBXBuildFile; fileRef = B9514F791940184B0073789F /* CoreGraphics.framework */; };
		B9514F7C1940184B0073789F /* UIKit.framework in Frameworks */ = {isa = PBXBuildFile; fileRef = B9514F7B1940184B0073789F /* UIKit.framework */; };
		B9514F821940184B0073789F /* InfoPlist.strings in Resources */ = {isa = PBXBuildFile; fileRef = B9514F801940184B0073789F /* InfoPlist.strings */; };
		B9514F841940184B0073789F /* main.m in Sources */ = {isa = PBXBuildFile; fileRef = B9514F831940184B0073789F /* main.m */; };
		B9514F881940184B0073789F /* AppDelegate.m in Sources */ = {isa = PBXBuildFile; fileRef = B9514F871940184B0073789F /* AppDelegate.m */; };
		B9514F8A1940184B0073789F /* Images.xcassets in Resources */ = {isa = PBXBuildFile; fileRef = B9514F891940184B0073789F /* Images.xcassets */; };
		B9514F911940184B0073789F /* XCTest.framework in Frameworks */ = {isa = PBXBuildFile; fileRef = B9514F901940184B0073789F /* XCTest.framework */; };
		B9514F921940184B0073789F /* Foundation.framework in Frameworks */ = {isa = PBXBuildFile; fileRef = B9514F771940184B0073789F /* Foundation.framework */; };
		B9514F931940184B0073789F /* UIKit.framework in Frameworks */ = {isa = PBXBuildFile; fileRef = B9514F7B1940184B0073789F /* UIKit.framework */; };
		B9514F9B1940184B0073789F /* InfoPlist.strings in Resources */ = {isa = PBXBuildFile; fileRef = B9514F991940184B0073789F /* InfoPlist.strings */; };
		B9514F9D1940184B0073789F /* rottenTomatoesTests.m in Sources */ = {isa = PBXBuildFile; fileRef = B9514F9C1940184B0073789F /* rottenTomatoesTests.m */; };
		B9514FA9194018BA0073789F /* MoviesViewController.m in Sources */ = {isa = PBXBuildFile; fileRef = B9514FA7194018BA0073789F /* MoviesViewController.m */; };
		B9514FAA194018BA0073789F /* MoviesViewController.xib in Resources */ = {isa = PBXBuildFile; fileRef = B9514FA8194018BA0073789F /* MoviesViewController.xib */; };
		B9514FAE1940312A0073789F /* MovieCell.m in Sources */ = {isa = PBXBuildFile; fileRef = B9514FAC1940312A0073789F /* MovieCell.m */; };
		B9514FAF1940312A0073789F /* MovieCell.xib in Resources */ = {isa = PBXBuildFile; fileRef = B9514FAD1940312A0073789F /* MovieCell.xib */; };
		B9514FB21940D96A0073789F /* CastMember.m in Sources */ = {isa = PBXBuildFile; fileRef = B9514FB11940D96A0073789F /* CastMember.m */; };
		B9515017194138BC0073789F /* Movie.m in Sources */ = {isa = PBXBuildFile; fileRef = B9515016194138BC0073789F /* Movie.m */; };
		B951501C194149600073789F /* MovieDetailsViewController.m in Sources */ = {isa = PBXBuildFile; fileRef = B951501A194149600073789F /* MovieDetailsViewController.m */; };
		B951501D194149600073789F /* MovieDetailsViewController.xib in Resources */ = {isa = PBXBuildFile; fileRef = B951501B194149600073789F /* MovieDetailsViewController.xib */; };
/* End PBXBuildFile section */

/* Begin PBXContainerItemProxy section */
		B9514F941940184B0073789F /* PBXContainerItemProxy */ = {
			isa = PBXContainerItemProxy;
			containerPortal = B9514F6C1940184B0073789F /* Project object */;
			proxyType = 1;
			remoteGlobalIDString = B9514F731940184B0073789F;
			remoteInfo = rottenTomatoes;
		};
/* End PBXContainerItemProxy section */

/* Begin PBXFileReference section */
		3DEDE752979D421CB567F2A7 /* libPods.a */ = {isa = PBXFileReference; explicitFileType = archive.ar; includeInIndex = 0; path = libPods.a; sourceTree = BUILT_PRODUCTS_DIR; };
		8DA54055E96142A3A7075840 /* Pods.xcconfig */ = {isa = PBXFileReference; includeInIndex = 1; lastKnownFileType = text.xcconfig; name = Pods.xcconfig; path = Pods/Pods.xcconfig; sourceTree = "<group>"; };
		B9514F741940184B0073789F /* rottenTomatoes.app */ = {isa = PBXFileReference; explicitFileType = wrapper.application; includeInIndex = 0; path = rottenTomatoes.app; sourceTree = BUILT_PRODUCTS_DIR; };
		B9514F771940184B0073789F /* Foundation.framework */ = {isa = PBXFileReference; lastKnownFileType = wrapper.framework; name = Foundation.framework; path = System/Library/Frameworks/Foundation.framework; sourceTree = SDKROOT; };
		B9514F791940184B0073789F /* CoreGraphics.framework */ = {isa = PBXFileReference; lastKnownFileType = wrapper.framework; name = CoreGraphics.framework; path = System/Library/Frameworks/CoreGraphics.framework; sourceTree = SDKROOT; };
		B9514F7B1940184B0073789F /* UIKit.framework */ = {isa = PBXFileReference; lastKnownFileType = wrapper.framework; name = UIKit.framework; path = System/Library/Frameworks/UIKit.framework; sourceTree = SDKROOT; };
		B9514F7F1940184B0073789F /* rottenTomatoes-Info.plist */ = {isa = PBXFileReference; lastKnownFileType = text.plist.xml; path = "rottenTomatoes-Info.plist"; sourceTree = "<group>"; };
		B9514F811940184B0073789F /* en */ = {isa = PBXFileReference; lastKnownFileType = text.plist.strings; name = en; path = en.lproj/InfoPlist.strings; sourceTree = "<group>"; };
		B9514F831940184B0073789F /* main.m */ = {isa = PBXFileReference; lastKnownFileType = sourcecode.c.objc; path = main.m; sourceTree = "<group>"; };
		B9514F851940184B0073789F /* rottenTomatoes-Prefix.pch */ = {isa = PBXFileReference; lastKnownFileType = sourcecode.c.h; path = "rottenTomatoes-Prefix.pch"; sourceTree = "<group>"; };
		B9514F861940184B0073789F /* AppDelegate.h */ = {isa = PBXFileReference; lastKnownFileType = sourcecode.c.h; path = AppDelegate.h; sourceTree = "<group>"; };
		B9514F871940184B0073789F /* AppDelegate.m */ = {isa = PBXFileReference; lastKnownFileType = sourcecode.c.objc; path = AppDelegate.m; sourceTree = "<group>"; };
		B9514F891940184B0073789F /* Images.xcassets */ = {isa = PBXFileReference; lastKnownFileType = folder.assetcatalog; path = Images.xcassets; sourceTree = "<group>"; };
		B9514F8F1940184B0073789F /* rottenTomatoesTests.xctest */ = {isa = PBXFileReference; explicitFileType = wrapper.cfbundle; includeInIndex = 0; path = rottenTomatoesTests.xctest; sourceTree = BUILT_PRODUCTS_DIR; };
		B9514F901940184B0073789F /* XCTest.framework */ = {isa = PBXFileReference; lastKnownFileType = wrapper.framework; name = XCTest.framework; path = Library/Frameworks/XCTest.framework; sourceTree = DEVELOPER_DIR; };
		B9514F981940184B0073789F /* rottenTomatoesTests-Info.plist */ = {isa = PBXFileReference; lastKnownFileType = text.plist.xml; path = "rottenTomatoesTests-Info.plist"; sourceTree = "<group>"; };
		B9514F9A1940184B0073789F /* en */ = {isa = PBXFileReference; lastKnownFileType = text.plist.strings; name = en; path = en.lproj/InfoPlist.strings; sourceTree = "<group>"; };
		B9514F9C1940184B0073789F /* rottenTomatoesTests.m */ = {isa = PBXFileReference; lastKnownFileType = sourcecode.c.objc; path = rottenTomatoesTests.m; sourceTree = "<group>"; };
		B9514FA6194018BA0073789F /* MoviesViewController.h */ = {isa = PBXFileReference; fileEncoding = 4; lastKnownFileType = sourcecode.c.h; path = MoviesViewController.h; sourceTree = "<group>"; };
		B9514FA7194018BA0073789F /* MoviesViewController.m */ = {isa = PBXFileReference; fileEncoding = 4; lastKnownFileType = sourcecode.c.objc; path = MoviesViewController.m; sourceTree = "<group>"; };
		B9514FA8194018BA0073789F /* MoviesViewController.xib */ = {isa = PBXFileReference; fileEncoding = 4; lastKnownFileType = file.xib; path = MoviesViewController.xib; sourceTree = "<group>"; };
		B9514FAB1940312A0073789F /* MovieCell.h */ = {isa = PBXFileReference; fileEncoding = 4; lastKnownFileType = sourcecode.c.h; path = MovieCell.h; sourceTree = "<group>"; };
		B9514FAC1940312A0073789F /* MovieCell.m */ = {isa = PBXFileReference; fileEncoding = 4; lastKnownFileType = sourcecode.c.objc; path = MovieCell.m; sourceTree = "<group>"; };
		B9514FAD1940312A0073789F /* MovieCell.xib */ = {isa = PBXFileReference; fileEncoding = 4; lastKnownFileType = file.xib; path = MovieCell.xib; sourceTree = "<group>"; };
		B9514FB01940D96A0073789F /* CastMember.h */ = {isa = PBXFileReference; fileEncoding = 4; lastKnownFileType = sourcecode.c.h; path = CastMember.h; sourceTree = "<group>"; };
		B9514FB11940D96A0073789F /* CastMember.m */ = {isa = PBXFileReference; fileEncoding = 4; lastKnownFileType = sourcecode.c.objc; path = CastMember.m; sourceTree = "<group>"; };
		B9515015194138BC0073789F /* Movie.h */ = {isa = PBXFileReference; fileEncoding = 4; lastKnownFileType = sourcecode.c.h; path = Movie.h; sourceTree = "<group>"; };
		B9515016194138BC0073789F /* Movie.m */ = {isa = PBXFileReference; fileEncoding = 4; lastKnownFileType = sourcecode.c.objc; path = Movie.m; sourceTree = "<group>"; };
		B9515019194149600073789F /* MovieDetailsViewController.h */ = {isa = PBXFileReference; fileEncoding = 4; lastKnownFileType = sourcecode.c.h; path = MovieDetailsViewController.h; sourceTree = "<group>"; };
		B951501A194149600073789F /* MovieDetailsViewController.m */ = {isa = PBXFileReference; fileEncoding = 4; lastKnownFileType = sourcecode.c.objc; path = MovieDetailsViewController.m; sourceTree = "<group>"; };
		B951501B194149600073789F /* MovieDetailsViewController.xib */ = {isa = PBXFileReference; fileEncoding = 4; lastKnownFileType = file.xib; path = MovieDetailsViewController.xib; sourceTree = "<group>"; };
/* End PBXFileReference section */

/* Begin PBXFrameworksBuildPhase section */
		B9514F711940184B0073789F /* Frameworks */ = {
			isa = PBXFrameworksBuildPhase;
			buildActionMask = 2147483647;
			files = (
				B9514F7A1940184B0073789F /* CoreGraphics.framework in Frameworks */,
				B9514F7C1940184B0073789F /* UIKit.framework in Frameworks */,
				B9514F781940184B0073789F /* Foundation.framework in Frameworks */,
				B55D4E2B636849FA95D693EE /* libPods.a in Frameworks */,
			);
			runOnlyForDeploymentPostprocessing = 0;
		};
		B9514F8C1940184B0073789F /* Frameworks */ = {
			isa = PBXFrameworksBuildPhase;
			buildActionMask = 2147483647;
			files = (
				B9514F911940184B0073789F /* XCTest.framework in Frameworks */,
				B9514F931940184B0073789F /* UIKit.framework in Frameworks */,
				B9514F921940184B0073789F /* Foundation.framework in Frameworks */,
			);
			runOnlyForDeploymentPostprocessing = 0;
		};
/* End PBXFrameworksBuildPhase section */

/* Begin PBXGroup section */
		B9514F6B1940184B0073789F = {
			isa = PBXGroup;
			children = (
				B9514F7D1940184B0073789F /* rottenTomatoes */,
				B9514F961940184B0073789F /* rottenTomatoesTests */,
				B9514F761940184B0073789F /* Frameworks */,
				B9514F751940184B0073789F /* Products */,
				8DA54055E96142A3A7075840 /* Pods.xcconfig */,
			);
			sourceTree = "<group>";
		};
		B9514F751940184B0073789F /* Products */ = {
			isa = PBXGroup;
			children = (
				B9514F741940184B0073789F /* rottenTomatoes.app */,
				B9514F8F1940184B0073789F /* rottenTomatoesTests.xctest */,
			);
			name = Products;
			sourceTree = "<group>";
		};
		B9514F761940184B0073789F /* Frameworks */ = {
			isa = PBXGroup;
			children = (
				B9514F771940184B0073789F /* Foundation.framework */,
				B9514F791940184B0073789F /* CoreGraphics.framework */,
				B9514F7B1940184B0073789F /* UIKit.framework */,
				B9514F901940184B0073789F /* XCTest.framework */,
				3DEDE752979D421CB567F2A7 /* libPods.a */,
			);
			name = Frameworks;
			sourceTree = "<group>";
		};
		B9514F7D1940184B0073789F /* rottenTomatoes */ = {
			isa = PBXGroup;
			children = (
				B9515018194138C30073789F /* Models */,
				B9514F861940184B0073789F /* AppDelegate.h */,
				B9514F871940184B0073789F /* AppDelegate.m */,
				B9514F891940184B0073789F /* Images.xcassets */,
				B9514F7E1940184B0073789F /* Supporting Files */,
				B9514FA6194018BA0073789F /* MoviesViewController.h */,
				B9514FA7194018BA0073789F /* MoviesViewController.m */,
				B9514FA8194018BA0073789F /* MoviesViewController.xib */,
				B9514FAC1940312A0073789F /* MovieCell.m */,
				B9514FAB1940312A0073789F /* MovieCell.h */,
				B9514FAD1940312A0073789F /* MovieCell.xib */,
				B9514FB01940D96A0073789F /* CastMember.h */,
				B9514FB11940D96A0073789F /* CastMember.m */,
				B9515019194149600073789F /* MovieDetailsViewController.h */,
				B951501A194149600073789F /* MovieDetailsViewController.m */,
				B951501B194149600073789F /* MovieDetailsViewController.xib */,
			);
			path = rottenTomatoes;
			sourceTree = "<group>";
		};
		B9514F7E1940184B0073789F /* Supporting Files */ = {
			isa = PBXGroup;
			children = (
				B9514F7F1940184B0073789F /* rottenTomatoes-Info.plist */,
				B9514F801940184B0073789F /* InfoPlist.strings */,
				B9514F831940184B0073789F /* main.m */,
				B9514F851940184B0073789F /* rottenTomatoes-Prefix.pch */,
			);
			name = "Supporting Files";
			sourceTree = "<group>";
		};
		B9514F961940184B0073789F /* rottenTomatoesTests */ = {
			isa = PBXGroup;
			children = (
				B9514F9C1940184B0073789F /* rottenTomatoesTests.m */,
				B9514F971940184B0073789F /* Supporting Files */,
			);
			path = rottenTomatoesTests;
			sourceTree = "<group>";
		};
		B9514F971940184B0073789F /* Supporting Files */ = {
			isa = PBXGroup;
			children = (
				B9514F981940184B0073789F /* rottenTomatoesTests-Info.plist */,
				B9514F991940184B0073789F /* InfoPlist.strings */,
			);
			name = "Supporting Files";
			sourceTree = "<group>";
		};
		B9515018194138C30073789F /* Models */ = {
			isa = PBXGroup;
			children = (
				B9515015194138BC0073789F /* Movie.h */,
				B9515016194138BC0073789F /* Movie.m */,
			);
			name = Models;
			sourceTree = "<group>";
		};
/* End PBXGroup section */

/* Begin PBXNativeTarget section */
		B9514F731940184B0073789F /* rottenTomatoes */ = {
			isa = PBXNativeTarget;
			buildConfigurationList = B9514FA01940184B0073789F /* Build configuration list for PBXNativeTarget "rottenTomatoes" */;
			buildPhases = (
				FAB51A3AD5D44A78BA09E308 /* Check Pods Manifest.lock */,
				B9514F701940184B0073789F /* Sources */,
				B9514F711940184B0073789F /* Frameworks */,
				B9514F721940184B0073789F /* Resources */,
				CB0E331E451F4BDEA42A852F /* Copy Pods Resources */,
			);
			buildRules = (
			);
			dependencies = (
			);
			name = rottenTomatoes;
			productName = rottenTomatoes;
			productReference = B9514F741940184B0073789F /* rottenTomatoes.app */;
			productType = "com.apple.product-type.application";
		};
		B9514F8E1940184B0073789F /* rottenTomatoesTests */ = {
			isa = PBXNativeTarget;
			buildConfigurationList = B9514FA31940184B0073789F /* Build configuration list for PBXNativeTarget "rottenTomatoesTests" */;
			buildPhases = (
				B9514F8B1940184B0073789F /* Sources */,
				B9514F8C1940184B0073789F /* Frameworks */,
				B9514F8D1940184B0073789F /* Resources */,
			);
			buildRules = (
			);
			dependencies = (
				B9514F951940184B0073789F /* PBXTargetDependency */,
			);
			name = rottenTomatoesTests;
			productName = rottenTomatoesTests;
			productReference = B9514F8F1940184B0073789F /* rottenTomatoesTests.xctest */;
			productType = "com.apple.product-type.bundle.unit-test";
		};
/* End PBXNativeTarget section */

/* Begin PBXProject section */
		B9514F6C1940184B0073789F /* Project object */ = {
			isa = PBXProject;
			attributes = {
				LastUpgradeCheck = 0510;
				ORGANIZATIONNAME = FOX;
				TargetAttributes = {
					B9514F8E1940184B0073789F = {
						TestTargetID = B9514F731940184B0073789F;
					};
				};
			};
			buildConfigurationList = B9514F6F1940184B0073789F /* Build configuration list for PBXProject "rottenTomatoes" */;
			compatibilityVersion = "Xcode 3.2";
			developmentRegion = English;
			hasScannedForEncodings = 0;
			knownRegions = (
				en,
			);
			mainGroup = B9514F6B1940184B0073789F;
			productRefGroup = B9514F751940184B0073789F /* Products */;
			projectDirPath = "";
			projectRoot = "";
			targets = (
				B9514F731940184B0073789F /* rottenTomatoes */,
				B9514F8E1940184B0073789F /* rottenTomatoesTests */,
			);
		};
/* End PBXProject section */

/* Begin PBXResourcesBuildPhase section */
		B9514F721940184B0073789F /* Resources */ = {
			isa = PBXResourcesBuildPhase;
			buildActionMask = 2147483647;
			files = (
				B9514F821940184B0073789F /* InfoPlist.strings in Resources */,
				B9514FAA194018BA0073789F /* MoviesViewController.xib in Resources */,
				B9514FAF1940312A0073789F /* MovieCell.xib in Resources */,
				B9514F8A1940184B0073789F /* Images.xcassets in Resources */,
				B951501D194149600073789F /* MovieDetailsViewController.xib in Resources */,
			);
			runOnlyForDeploymentPostprocessing = 0;
		};
		B9514F8D1940184B0073789F /* Resources */ = {
			isa = PBXResourcesBuildPhase;
			buildActionMask = 2147483647;
			files = (
				B9514F9B1940184B0073789F /* InfoPlist.strings in Resources */,
			);
			runOnlyForDeploymentPostprocessing = 0;
		};
/* End PBXResourcesBuildPhase section */

/* Begin PBXShellScriptBuildPhase section */
		CB0E331E451F4BDEA42A852F /* Copy Pods Resources */ = {
			isa = PBXShellScriptBuildPhase;
			buildActionMask = 2147483647;
			files = (
			);
			inputPaths = (
			);
			name = "Copy Pods Resources";
			outputPaths = (
			);
			runOnlyForDeploymentPostprocessing = 0;
			shellPath = /bin/sh;
			shellScript = "\"${SRCROOT}/Pods/Pods-resources.sh\"\n";
			showEnvVarsInLog = 0;
		};
		FAB51A3AD5D44A78BA09E308 /* Check Pods Manifest.lock */ = {
			isa = PBXShellScriptBuildPhase;
			buildActionMask = 2147483647;
			files = (
			);
			inputPaths = (
			);
			name = "Check Pods Manifest.lock";
			outputPaths = (
			);
			runOnlyForDeploymentPostprocessing = 0;
			shellPath = /bin/sh;
			shellScript = "diff \"${PODS_ROOT}/../Podfile.lock\" \"${PODS_ROOT}/Manifest.lock\" > /dev/null\nif [[ $? != 0 ]] ; then\n    cat << EOM\nerror: The sandbox is not in sync with the Podfile.lock. Run 'pod install' or update your CocoaPods installation.\nEOM\n    exit 1\nfi\n";
			showEnvVarsInLog = 0;
		};
/* End PBXShellScriptBuildPhase section */

/* Begin PBXSourcesBuildPhase section */
		B9514F701940184B0073789F /* Sources */ = {
			isa = PBXSourcesBuildPhase;
			buildActionMask = 2147483647;
			files = (
				B9515017194138BC0073789F /* Movie.m in Sources */,
				B9514FA9194018BA0073789F /* MoviesViewController.m in Sources */,
				B9514FB21940D96A0073789F /* CastMember.m in Sources */,
				B951501C194149600073789F /* MovieDetailsViewController.m in Sources */,
				B9514F881940184B0073789F /* AppDelegate.m in Sources */,
				B9514FAE1940312A0073789F /* MovieCell.m in Sources */,
				B9514F841940184B0073789F /* main.m in Sources */,
			);
			runOnlyForDeploymentPostprocessing = 0;
		};
		B9514F8B1940184B0073789F /* Sources */ = {
			isa = PBXSourcesBuildPhase;
			buildActionMask = 2147483647;
			files = (
				B9514F9D1940184B0073789F /* rottenTomatoesTests.m in Sources */,
			);
			runOnlyForDeploymentPostprocessing = 0;
		};
/* End PBXSourcesBuildPhase section */

/* Begin PBXTargetDependency section */
		B9514F951940184B0073789F /* PBXTargetDependency */ = {
			isa = PBXTargetDependency;
			target = B9514F731940184B0073789F /* rottenTomatoes */;
			targetProxy = B9514F941940184B0073789F /* PBXContainerItemProxy */;
		};
/* End PBXTargetDependency section */

/* Begin PBXVariantGroup section */
		B9514F801940184B0073789F /* InfoPlist.strings */ = {
			isa = PBXVariantGroup;
			children = (
				B9514F811940184B0073789F /* en */,
			);
			name = InfoPlist.strings;
			sourceTree = "<group>";
		};
		B9514F991940184B0073789F /* InfoPlist.strings */ = {
			isa = PBXVariantGroup;
			children = (
				B9514F9A1940184B0073789F /* en */,
			);
			name = InfoPlist.strings;
			sourceTree = "<group>";
		};
/* End PBXVariantGroup section */

/* Begin XCBuildConfiguration section */
		B9514F9E1940184B0073789F /* Debug */ = {
			isa = XCBuildConfiguration;
			buildSettings = {
				ALWAYS_SEARCH_USER_PATHS = NO;
				CLANG_CXX_LANGUAGE_STANDARD = "gnu++0x";
				CLANG_CXX_LIBRARY = "libc++";
				CLANG_ENABLE_MODULES = YES;
				CLANG_ENABLE_OBJC_ARC = YES;
				CLANG_WARN_BOOL_CONVERSION = YES;
				CLANG_WARN_CONSTANT_CONVERSION = YES;
				CLANG_WARN_DIRECT_OBJC_ISA_USAGE = YES_ERROR;
				CLANG_WARN_EMPTY_BODY = YES;
				CLANG_WARN_ENUM_CONVERSION = YES;
				CLANG_WARN_INT_CONVERSION = YES;
				CLANG_WARN_OBJC_ROOT_CLASS = YES_ERROR;
				CLANG_WARN__DUPLICATE_METHOD_MATCH = YES;
				"CODE_SIGN_IDENTITY[sdk=iphoneos*]" = "iPhone Developer";
				COPY_PHASE_STRIP = NO;
				GCC_C_LANGUAGE_STANDARD = gnu99;
				GCC_DYNAMIC_NO_PIC = NO;
				GCC_OPTIMIZATION_LEVEL = 0;
				GCC_PREPROCESSOR_DEFINITIONS = (
					"DEBUG=1",
					"$(inherited)",
				);
				GCC_SYMBOLS_PRIVATE_EXTERN = NO;
				GCC_WARN_64_TO_32_BIT_CONVERSION = YES;
				GCC_WARN_ABOUT_RETURN_TYPE = YES_ERROR;
				GCC_WARN_UNDECLARED_SELECTOR = YES;
				GCC_WARN_UNINITIALIZED_AUTOS = YES_AGGRESSIVE;
				GCC_WARN_UNUSED_FUNCTION = YES;
				GCC_WARN_UNUSED_VARIABLE = YES;
				IPHONEOS_DEPLOYMENT_TARGET = 7.1;
				ONLY_ACTIVE_ARCH = YES;
				SDKROOT = iphoneos;
				TARGETED_DEVICE_FAMILY = "1,2";
			};
			name = Debug;
		};
		B9514F9F1940184B0073789F /* Release */ = {
			isa = XCBuildConfiguration;
			buildSettings = {
				ALWAYS_SEARCH_USER_PATHS = NO;
				CLANG_CXX_LANGUAGE_STANDARD = "gnu++0x";
				CLANG_CXX_LIBRARY = "libc++";
				CLANG_ENABLE_MODULES = YES;
				CLANG_ENABLE_OBJC_ARC = YES;
				CLANG_WARN_BOOL_CONVERSION = YES;
				CLANG_WARN_CONSTANT_CONVERSION = YES;
				CLANG_WARN_DIRECT_OBJC_ISA_USAGE = YES_ERROR;
				CLANG_WARN_EMPTY_BODY = YES;
				CLANG_WARN_ENUM_CONVERSION = YES;
				CLANG_WARN_INT_CONVERSION = YES;
				CLANG_WARN_OBJC_ROOT_CLASS = YES_ERROR;
				CLANG_WARN__DUPLICATE_METHOD_MATCH = YES;
				"CODE_SIGN_IDENTITY[sdk=iphoneos*]" = "iPhone Developer";
				COPY_PHASE_STRIP = YES;
				ENABLE_NS_ASSERTIONS = NO;
				GCC_C_LANGUAGE_STANDARD = gnu99;
				GCC_WARN_64_TO_32_BIT_CONVERSION = YES;
				GCC_WARN_ABOUT_RETURN_TYPE = YES_ERROR;
				GCC_WARN_UNDECLARED_SELECTOR = YES;
				GCC_WARN_UNINITIALIZED_AUTOS = YES_AGGRESSIVE;
				GCC_WARN_UNUSED_FUNCTION = YES;
				GCC_WARN_UNUSED_VARIABLE = YES;
				IPHONEOS_DEPLOYMENT_TARGET = 7.1;
				SDKROOT = iphoneos;
				TARGETED_DEVICE_FAMILY = "1,2";
				VALIDATE_PRODUCT = YES;
			};
			name = Release;
		};
		B9514FA11940184B0073789F /* Debug */ = {
			isa = XCBuildConfiguration;
			baseConfigurationReference = 8DA54055E96142A3A7075840 /* Pods.xcconfig */;
			buildSettings = {
				ASSETCATALOG_COMPILER_APPICON_NAME = AppIcon;
				ASSETCATALOG_COMPILER_LAUNCHIMAGE_NAME = LaunchImage;
				GCC_PRECOMPILE_PREFIX_HEADER = YES;
				GCC_PREFIX_HEADER = "rottenTomatoes/rottenTomatoes-Prefix.pch";
				INFOPLIST_FILE = "rottenTomatoes/rottenTomatoes-Info.plist";
				PRODUCT_NAME = "$(TARGET_NAME)";
				WRAPPER_EXTENSION = app;
			};
			name = Debug;
		};
		B9514FA21940184B0073789F /* Release */ = {
			isa = XCBuildConfiguration;
			baseConfigurationReference = 8DA54055E96142A3A7075840 /* Pods.xcconfig */;
			buildSettings = {
				ASSETCATALOG_COMPILER_APPICON_NAME = AppIcon;
				ASSETCATALOG_COMPILER_LAUNCHIMAGE_NAME = LaunchImage;
				GCC_PRECOMPILE_PREFIX_HEADER = YES;
				GCC_PREFIX_HEADER = "rottenTomatoes/rottenTomatoes-Prefix.pch";
				INFOPLIST_FILE = "rottenTomatoes/rottenTomatoes-Info.plist";
				PRODUCT_NAME = "$(TARGET_NAME)";
				WRAPPER_EXTENSION = app;
			};
			name = Release;
		};
		B9514FA41940184B0073789F /* Debug */ = {
			isa = XCBuildConfiguration;
			buildSettings = {
				BUNDLE_LOADER = "$(BUILT_PRODUCTS_DIR)/rottenTomatoes.app/rottenTomatoes";
				FRAMEWORK_SEARCH_PATHS = (
					"$(SDKROOT)/Developer/Library/Frameworks",
					"$(inherited)",
					"$(DEVELOPER_FRAMEWORKS_DIR)",
				);
				GCC_PRECOMPILE_PREFIX_HEADER = YES;
				GCC_PREFIX_HEADER = "rottenTomatoes/rottenTomatoes-Prefix.pch";
				GCC_PREPROCESSOR_DEFINITIONS = (
					"DEBUG=1",
					"$(inherited)",
				);
				INFOPLIST_FILE = "rottenTomatoesTests/rottenTomatoesTests-Info.plist";
				PRODUCT_NAME = "$(TARGET_NAME)";
				TEST_HOST = "$(BUNDLE_LOADER)";
				WRAPPER_EXTENSION = xctest;
			};
			name = Debug;
		};
		B9514FA51940184B0073789F /* Release */ = {
			isa = XCBuildConfiguration;
			buildSettings = {
				BUNDLE_LOADER = "$(BUILT_PRODUCTS_DIR)/rottenTomatoes.app/rottenTomatoes";
				FRAMEWORK_SEARCH_PATHS = (
					"$(SDKROOT)/Developer/Library/Frameworks",
					"$(inherited)",
					"$(DEVELOPER_FRAMEWORKS_DIR)",
				);
				GCC_PRECOMPILE_PREFIX_HEADER = YES;
				GCC_PREFIX_HEADER = "rottenTomatoes/rottenTomatoes-Prefix.pch";
				INFOPLIST_FILE = "rottenTomatoesTests/rottenTomatoesTests-Info.plist";
				PRODUCT_NAME = "$(TARGET_NAME)";
				TEST_HOST = "$(BUNDLE_LOADER)";
				WRAPPER_EXTENSION = xctest;
			};
			name = Release;
		};
/* End XCBuildConfiguration section */

/* Begin XCConfigurationList section */
		B9514F6F1940184B0073789F /* Build configuration list for PBXProject "rottenTomatoes" */ = {
			isa = XCConfigurationList;
			buildConfigurations = (
				B9514F9E1940184B0073789F /* Debug */,
				B9514F9F1940184B0073789F /* Release */,
			);
			defaultConfigurationIsVisible = 0;
			defaultConfigurationName = Release;
		};
		B9514FA01940184B0073789F /* Build configuration list for PBXNativeTarget "rottenTomatoes" */ = {
			isa = XCConfigurationList;
			buildConfigurations = (
				B9514FA11940184B0073789F /* Debug */,
				B9514FA21940184B0073789F /* Release */,
			);
			defaultConfigurationIsVisible = 0;
			defaultConfigurationName = Release;
		};
		B9514FA31940184B0073789F /* Build configuration list for PBXNativeTarget "rottenTomatoesTests" */ = {
			isa = XCConfigurationList;
			buildConfigurations = (
				B9514FA41940184B0073789F /* Debug */,
				B9514FA51940184B0073789F /* Release */,
			);
			defaultConfigurationIsVisible = 0;
			defaultConfigurationName = Release;
		};
/* End XCConfigurationList section */
	};
	rootObject = B9514F6C1940184B0073789F /* Project object */;
}
